{
  "name": "dart.dev",
  "version": "0.0.0",
  "lockfileVersion": 2,
  "requires": true,
  "packages": {
    "": {
      "name": "dart.dev",
      "version": "0.0.0",
      "dependencies": {
        "bootstrap-scss": "^5.2.1"
      }
    },
    "node_modules/bootstrap-scss": {
      "version": "5.2.1",
      "resolved": "https://registry.npmjs.org/bootstrap-scss/-/bootstrap-scss-5.2.1.tgz",
      "integrity": "sha512-/OGfbIrODe0eIZKBxdL9EhTh7K0mNzv49LQTFxyd1k9ar2kwUgMZiHuVgVCqAOak4/ifnnIHLXwH8m20zr3YnA=="
    }
  },
  "dependencies": {
    "bootstrap-scss": {
      "version": "5.2.1",
      "resolved": "https://registry.npmjs.org/bootstrap-scss/-/bootstrap-scss-5.2.1.tgz",
      "integrity": "sha512-/OGfbIrODe0eIZKBxdL9EhTh7K0mNzv49LQTFxyd1k9ar2kwUgMZiHuVgVCqAOak4/ifnnIHLXwH8m20zr3YnA=="
    }
  }
}
