{
  "name": "dart.dev",
  "version": "0.0.0",
  "lockfileVersion": 2,
  "requires": true,
  "packages": {
    "": {
      "name": "dart.dev",
      "version": "0.0.0",
      "dependencies": {
        "bootstrap-scss": "^4.6.0"
      }
    },
    "node_modules/bootstrap-scss": {
      "version": "4.6.1",
      "resolved": "https://registry.npmjs.org/bootstrap-scss/-/bootstrap-scss-4.6.1.tgz",
      "integrity": "sha512-8rAYXcuOUAr5SAGM0omZa9wefBR0hZMUVfcbZCCvW+Sm5nSRgI/qMEbb+oWdocwcoX9PYV1yoP722Yp5OEJlnw=="
    }
  },
  "dependencies": {
    "bootstrap-scss": {
      "version": "4.6.1",
      "resolved": "https://registry.npmjs.org/bootstrap-scss/-/bootstrap-scss-4.6.1.tgz",
      "integrity": "sha512-8rAYXcuOUAr5SAGM0omZa9wefBR0hZMUVfcbZCCvW+Sm5nSRgI/qMEbb+oWdocwcoX9PYV1yoP722Yp5OEJlnw=="
    }
  }
}
