{
  "name": "dart.dev",
  "version": "0.0.0",
  "lockfileVersion": 2,
  "requires": true,
  "packages": {
    "": {
      "name": "dart.dev",
      "version": "0.0.0",
      "dependencies": {
        "bootstrap-scss": "^4.6.2"
      }
    },
    "node_modules/bootstrap-scss": {
      "version": "4.6.2",
      "resolved": "https://registry.npmjs.org/bootstrap-scss/-/bootstrap-scss-4.6.2.tgz",
      "integrity": "sha512-emVpCI/S9aeFV1/qqKrztPZLiyow4XfRWLxOAu2SR/67Vau0y6IHNRukQrTx8+OUQ+aVPDhql40eDHSxGoAceA=="
    }
  },
  "dependencies": {
    "bootstrap-scss": {
      "version": "4.6.2",
      "resolved": "https://registry.npmjs.org/bootstrap-scss/-/bootstrap-scss-4.6.2.tgz",
      "integrity": "sha512-emVpCI/S9aeFV1/qqKrztPZLiyow4XfRWLxOAu2SR/67Vau0y6IHNRukQrTx8+OUQ+aVPDhql40eDHSxGoAceA=="
    }
  }
}
